
Microsoft Visual Studio Solution File, Format Version 12.00
# Visual Studio Version 16
VisualStudioVersion = 16.0.30804.86
MinimumVisualStudioVersion = 10.0.40219.1
Project("{9A19103F-16F7-4668-BE54-9A1E7A4F7556}") = "PerformikaTester", "PerformikaTester\PerformikaTester.csproj", "{BAE6B725-4351-49E3-B725-1B852BF3E75D}"
EndProject
Project("{9A19103F-16F7-4668-BE54-9A1E7A4F7556}") = "PerformikaLib", "PerformikaLib\PerformikaLib.csproj", "{05CE65AC-D72F-4EFC-9126-1742D5B1570A}"
EndProject
Project("{9A19103F-16F7-4668-BE54-9A1E7A4F7556}") = "PerformikaDb", "PerformikaDb\PerformikaDb.csproj", "{6FA04C63-1B67-4DE8-BFE4-1700F0F640F1}"
EndProject
Project("{9A19103F-16F7-4668-BE54-9A1E7A4F7556}") = "PerformikaService", "PerformikaService\PerformikaService.csproj", "{57578EE7-A9B0-40A0-8C17-FB1EDFD2CF69}"
EndProject
Project("{FAE04EC0-301F-11D3-BF4B-00C04F79EFBC}") = "PerformikaAdaptingService", "PerformikaAdaptingService\PerformikaAdaptingService.csproj", "{F4D1C607-2A71-4579-8121-69D1E67B6345}"
EndProject
Global
	GlobalSection(SolutionConfigurationPlatforms) = preSolution
		Debug|Any CPU = Debug|Any CPU
		Release|Any CPU = Release|Any CPU
	EndGlobalSection
	GlobalSection(ProjectConfigurationPlatforms) = postSolution
		{BAE6B725-4351-49E3-B725-1B852BF3E75D}.Debug|Any CPU.ActiveCfg = Debug|Any CPU
		{BAE6B725-4351-49E3-B725-1B852BF3E75D}.Debug|Any CPU.Build.0 = Debug|Any CPU
		{BAE6B725-4351-49E3-B725-1B852BF3E75D}.Release|Any CPU.ActiveCfg = Release|Any CPU
		{BAE6B725-4351-49E3-B725-1B852BF3E75D}.Release|Any CPU.Build.0 = Release|Any CPU
		{05CE65AC-D72F-4EFC-9126-1742D5B1570A}.Debug|Any CPU.ActiveCfg = Debug|Any CPU
		{05CE65AC-D72F-4EFC-9126-1742D5B1570A}.Debug|Any CPU.Build.0 = Debug|Any CPU
		{05CE65AC-D72F-4EFC-9126-1742D5B1570A}.Release|Any CPU.ActiveCfg = Release|Any CPU
		{05CE65AC-D72F-4EFC-9126-1742D5B1570A}.Release|Any CPU.Build.0 = Release|Any CPU
		{6FA04C63-1B67-4DE8-BFE4-1700F0F640F1}.Debug|Any CPU.ActiveCfg = Debug|Any CPU
		{6FA04C63-1B67-4DE8-BFE4-1700F0F640F1}.Debug|Any CPU.Build.0 = Debug|Any CPU
		{6FA04C63-1B67-4DE8-BFE4-1700F0F640F1}.Release|Any CPU.ActiveCfg = Release|Any CPU
		{6FA04C63-1B67-4DE8-BFE4-1700F0F640F1}.Release|Any CPU.Build.0 = Release|Any CPU
		{57578EE7-A9B0-40A0-8C17-FB1EDFD2CF69}.Debug|Any CPU.ActiveCfg = Debug|Any CPU
		{57578EE7-A9B0-40A0-8C17-FB1EDFD2CF69}.Debug|Any CPU.Build.0 = Debug|Any CPU
		{57578EE7-A9B0-40A0-8C17-FB1EDFD2CF69}.Release|Any CPU.ActiveCfg = Release|Any CPU
		{57578EE7-A9B0-40A0-8C17-FB1EDFD2CF69}.Release|Any CPU.Build.0 = Release|Any CPU
		{F4D1C607-2A71-4579-8121-69D1E67B6345}.Debug|Any CPU.ActiveCfg = Debug|Any CPU
		{F4D1C607-2A71-4579-8121-69D1E67B6345}.Debug|Any CPU.Build.0 = Debug|Any CPU
		{F4D1C607-2A71-4579-8121-69D1E67B6345}.Release|Any CPU.ActiveCfg = Release|Any CPU
		{F4D1C607-2A71-4579-8121-69D1E67B6345}.Release|Any CPU.Build.0 = Release|Any CPU
	EndGlobalSection
	GlobalSection(SolutionProperties) = preSolution
		HideSolutionNode = FALSE
	EndGlobalSection
	GlobalSection(ExtensibilityGlobals) = postSolution
		SolutionGuid = {88D130B3-3989-4925-81EF-713113BA46F0}
	EndGlobalSection
EndGlobal
